{
  "name": "Backend",
  "lockfileVersion": 3,
  "requires": true,
  "packages": {
    "": {
      "dependencies": {
        "structlog": "^1.0.5"
      }
    },
    "node_modules/structlog": {
      "version": "1.0.5",
      "resolved": "https://registry.npmjs.org/structlog/-/structlog-1.0.5.tgz",
      "integrity": "sha512-0iJM9+hLfKgDEv+r7j1kAt1le3RDsGN5O4douo8svJ4U/bNyH5Xwdn2wuNdT2X1Itr8k/V1FturT7RekRGrVqw==",
      "license": "MIT",
      "engines": {
        "node": ">=10"
      }
    }
  }
}
